PODS:
  - Flutter (1.0.0)
  - integration_test (0.0.1):
    - Flutter
  - interactive_keyboard_dismiss (0.1.0):
    - Flutter

DEPENDENCIES:
  - Flutter (from `Flutter`)
  - integration_test (from `.symlinks/plugins/integration_test/ios`)
  - interactive_keyboard_dismiss (from `.symlinks/plugins/interactive_keyboard_dismiss/ios`)

EXTERNAL SOURCES:
  Flutter:
    :path: Flutter
  integration_test:
    :path: ".symlinks/plugins/integration_test/ios"
  interactive_keyboard_dismiss:
    :path: ".symlinks/plugins/interactive_keyboard_dismiss/ios"

SPEC CHECKSUMS:
  Flutter: cabc95a1d2626b1b06e7179b784ebcf0c0cde467
  integration_test: 4a889634ef21a45d28d50d622cf412dc6d9f586e
  interactive_keyboard_dismiss: 935774e91b1a7f44f8a06822045c8e1521cd86cc

PODFILE CHECKSUM: 3c63482e143d1b91d2d2560aee9fb04ecc74ac7e

COCOAPODS: 1.16.2
